// !$*UTF8*$!
{
	archiveVersion = 1;
	classes = {
	};
	objectVersion = 56;
	objects = {

/* Begin PBXBuildFile section */
		B913871529B4B10B00CD52CD /* MovieBooksAppSwiftUIApp.swift in Sources */ = {isa = PBXBuildFile; fileRef = B913871429B4B10B00CD52CD /* MovieBooksAppSwiftUIApp.swift */; };
		B913871729B4B10B00CD52CD /* MovieListView.swift in Sources */ = {isa = PBXBuildFile; fileRef = B913871629B4B10B00CD52CD /* MovieListView.swift */; };
		B913871929B4B10D00CD52CD /* Assets.xcassets in Resources */ = {isa = PBXBuildFile; fileRef = B913871829B4B10D00CD52CD /* Assets.xcassets */; };
		B913871C29B4B10D00CD52CD /* Preview Assets.xcassets in Resources */ = {isa = PBXBuildFile; fileRef = B913871B29B4B10D00CD52CD /* Preview Assets.xcassets */; };
		B913872829B4B15A00CD52CD /* Movie.swift in Sources */ = {isa = PBXBuildFile; fileRef = B913872729B4B15A00CD52CD /* Movie.swift */; };
		B913872A29B4B17200CD52CD /* DownloaderClient.swift in Sources */ = {isa = PBXBuildFile; fileRef = B913872929B4B17200CD52CD /* DownloaderClient.swift */; };
		B913872C29B4B2DA00CD52CD /* MovieViewModel.swift in Sources */ = {isa = PBXBuildFile; fileRef = B913872B29B4B2DA00CD52CD /* MovieViewModel.swift */; };
		B9A6730B29B4C06A00016069 /* ImageDownloaderClient.swift in Sources */ = {isa = PBXBuildFile; fileRef = B9A6730A29B4C06A00016069 /* ImageDownloaderClient.swift */; };
		B9A6730D29B4C14800016069 /* SpecialImage.swift in Sources */ = {isa = PBXBuildFile; fileRef = B9A6730C29B4C14800016069 /* SpecialImage.swift */; };
		B9A6730F29B4C5BD00016069 /* MovieDetail.swift in Sources */ = {isa = PBXBuildFile; fileRef = B9A6730E29B4C5BD00016069 /* MovieDetail.swift */; };
/* End PBXBuildFile section */

/* Begin PBXFileReference section */
		B913871129B4B10B00CD52CD /* MovieBooksAppSwiftUI.app */ = {isa = PBXFileReference; explicitFileType = wrapper.application; includeInIndex = 0; path = MovieBooksAppSwiftUI.app; sourceTree = BUILT_PRODUCTS_DIR; };
		B913871429B4B10B00CD52CD /* MovieBooksAppSwiftUIApp.swift */ = {isa = PBXFileReference; lastKnownFileType = sourcecode.swift; path = MovieBooksAppSwiftUIApp.swift; sourceTree = "<group>"; };
		B913871629B4B10B00CD52CD /* MovieListView.swift */ = {isa = PBXFileReference; lastKnownFileType = sourcecode.swift; path = MovieListView.swift; sourceTree = "<group>"; };
		B913871829B4B10D00CD52CD /* Assets.xcassets */ = {isa = PBXFileReference; lastKnownFileType = folder.assetcatalog; path = Assets.xcassets; sourceTree = "<group>"; };
		B913871B29B4B10D00CD52CD /* Preview Assets.xcassets */ = {isa = PBXFileReference; lastKnownFileType = folder.assetcatalog; path = "Preview Assets.xcassets"; sourceTree = "<group>"; };
		B913872729B4B15A00CD52CD /* Movie.swift */ = {isa = PBXFileReference; lastKnownFileType = sourcecode.swift; path = Movie.swift; sourceTree = "<group>"; };
		B913872929B4B17200CD52CD /* DownloaderClient.swift */ = {isa = PBXFileReference; lastKnownFileType = sourcecode.swift; path = DownloaderClient.swift; sourceTree = "<group>"; };
		B913872B29B4B2DA00CD52CD /* MovieViewModel.swift */ = {isa = PBXFileReference; lastKnownFileType = sourcecode.swift; path = MovieViewModel.swift; sourceTree = "<group>"; };
		B9A6730A29B4C06A00016069 /* ImageDownloaderClient.swift */ = {isa = PBXFileReference; lastKnownFileType = sourcecode.swift; path = ImageDownloaderClient.swift; sourceTree = "<group>"; };
		B9A6730C29B4C14800016069 /* SpecialImage.swift */ = {isa = PBXFileReference; lastKnownFileType = sourcecode.swift; path = SpecialImage.swift; sourceTree = "<group>"; };
		B9A6730E29B4C5BD00016069 /* MovieDetail.swift */ = {isa = PBXFileReference; lastKnownFileType = sourcecode.swift; path = MovieDetail.swift; sourceTree = "<group>"; };
/* End PBXFileReference section */

/* Begin PBXFrameworksBuildPhase section */
		B913870E29B4B10B00CD52CD /* Frameworks */ = {
			isa = PBXFrameworksBuildPhase;
			buildActionMask = 2147483647;
			files = (
			);
			runOnlyForDeploymentPostprocessing = 0;
		};
/* End PBXFrameworksBuildPhase section */

/* Begin PBXGroup section */
		B913870829B4B10B00CD52CD = {
			isa = PBXGroup;
			children = (
				B913871329B4B10B00CD52CD /* MovieBooksAppSwiftUI */,
				B913871229B4B10B00CD52CD /* Products */,
			);
			sourceTree = "<group>";
		};
		B913871229B4B10B00CD52CD /* Products */ = {
			isa = PBXGroup;
			children = (
				B913871129B4B10B00CD52CD /* MovieBooksAppSwiftUI.app */,
			);
			name = Products;
			sourceTree = "<group>";
		};
		B913871329B4B10B00CD52CD /* MovieBooksAppSwiftUI */ = {
			isa = PBXGroup;
			children = (
				B913872629B4B13700CD52CD /* Service */,
				B913872529B4B13100CD52CD /* App */,
				B913872429B4B12B00CD52CD /* View */,
				B913872329B4B12200CD52CD /* ViewModel */,
				B913872229B4B11B00CD52CD /* Model */,
				B913871829B4B10D00CD52CD /* Assets.xcassets */,
				B913871A29B4B10D00CD52CD /* Preview Content */,
			);
			path = MovieBooksAppSwiftUI;
			sourceTree = "<group>";
		};
		B913871A29B4B10D00CD52CD /* Preview Content */ = {
			isa = PBXGroup;
			children = (
				B913871B29B4B10D00CD52CD /* Preview Assets.xcassets */,
			);
			path = "Preview Content";
			sourceTree = "<group>";
		};
		B913872229B4B11B00CD52CD /* Model */ = {
			isa = PBXGroup;
			children = (
				B913872729B4B15A00CD52CD /* Movie.swift */,
				B9A6730E29B4C5BD00016069 /* MovieDetail.swift */,
			);
			path = Model;
			sourceTree = "<group>";
		};
		B913872329B4B12200CD52CD /* ViewModel */ = {
			isa = PBXGroup;
			children = (
				B913872B29B4B2DA00CD52CD /* MovieViewModel.swift */,
			);
			path = ViewModel;
			sourceTree = "<group>";
		};
		B913872429B4B12B00CD52CD /* View */ = {
			isa = PBXGroup;
			children = (
				B913871629B4B10B00CD52CD /* MovieListView.swift */,
				B9A6730C29B4C14800016069 /* SpecialImage.swift */,
			);
			path = View;
			sourceTree = "<group>";
		};
		B913872529B4B13100CD52CD /* App */ = {
			isa = PBXGroup;
			children = (
				B913871429B4B10B00CD52CD /* MovieBooksAppSwiftUIApp.swift */,
			);
			path = App;
			sourceTree = "<group>";
		};
		B913872629B4B13700CD52CD /* Service */ = {
			isa = PBXGroup;
			children = (
				B913872929B4B17200CD52CD /* DownloaderClient.swift */,
				B9A6730A29B4C06A00016069 /* ImageDownloaderClient.swift */,
			);
			path = Service;
			sourceTree = "<group>";
		};
/* End PBXGroup section */

/* Begin PBXNativeTarget section */
		B913871029B4B10B00CD52CD /* MovieBooksAppSwiftUI */ = {
			isa = PBXNativeTarget;
			buildConfigurationList = B913871F29B4B10D00CD52CD /* Build configuration list for PBXNativeTarget "MovieBooksAppSwiftUI" */;
			buildPhases = (
				B913870D29B4B10B00CD52CD /* Sources */,
				B913870E29B4B10B00CD52CD /* Frameworks */,
				B913870F29B4B10B00CD52CD /* Resources */,
			);
			buildRules = (
			);
			dependencies = (
			);
			name = MovieBooksAppSwiftUI;
			productName = MovieBooksAppSwiftUI;
			productReference = B913871129B4B10B00CD52CD /* MovieBooksAppSwiftUI.app */;
			productType = "com.apple.product-type.application";
		};
/* End PBXNativeTarget section */

/* Begin PBXProject section */
		B913870929B4B10B00CD52CD /* Project object */ = {
			isa = PBXProject;
			attributes = {
				BuildIndependentTargetsInParallel = 1;
				LastSwiftUpdateCheck = 1420;
				LastUpgradeCheck = 1420;
				TargetAttributes = {
					B913871029B4B10B00CD52CD = {
						CreatedOnToolsVersion = 14.2;
					};
				};
			};
			buildConfigurationList = B913870C29B4B10B00CD52CD /* Build configuration list for PBXProject "MovieBooksAppSwiftUI" */;
			compatibilityVersion = "Xcode 14.0";
			developmentRegion = en;
			hasScannedForEncodings = 0;
			knownRegions = (
				en,
				Base,
			);
			mainGroup = B913870829B4B10B00CD52CD;
			productRefGroup = B913871229B4B10B00CD52CD /* Products */;
			projectDirPath = "";
			projectRoot = "";
			targets = (
				B913871029B4B10B00CD52CD /* MovieBooksAppSwiftUI */,
			);
		};
/* End PBXProject section */

/* Begin PBXResourcesBuildPhase section */
		B913870F29B4B10B00CD52CD /* Resources */ = {
			isa = PBXResourcesBuildPhase;
			buildActionMask = 2147483647;
			files = (
				B913871C29B4B10D00CD52CD /* Preview Assets.xcassets in Resources */,
				B913871929B4B10D00CD52CD /* Assets.xcassets in Resources */,
			);
			runOnlyForDeploymentPostprocessing = 0;
		};
/* End PBXResourcesBuildPhase section */

/* Begin PBXSourcesBuildPhase section */
		B913870D29B4B10B00CD52CD /* Sources */ = {
			isa = PBXSourcesBuildPhase;
			buildActionMask = 2147483647;
			files = (
				B913871729B4B10B00CD52CD /* MovieListView.swift in Sources */,
				B913872C29B4B2DA00CD52CD /* MovieViewModel.swift in Sources */,
				B9A6730D29B4C14800016069 /* SpecialImage.swift in Sources */,
				B913871529B4B10B00CD52CD /* MovieBooksAppSwiftUIApp.swift in Sources */,
				B913872829B4B15A00CD52CD /* Movie.swift in Sources */,
				B913872A29B4B17200CD52CD /* DownloaderClient.swift in Sources */,
				B9A6730B29B4C06A00016069 /* ImageDownloaderClient.swift in Sources */,
				B9A6730F29B4C5BD00016069 /* MovieDetail.swift in Sources */,
			);
			runOnlyForDeploymentPostprocessing = 0;
		};
/* End PBXSourcesBuildPhase section */

/* Begin XCBuildConfiguration section */
		B913871D29B4B10D00CD52CD /* Debug */ = {
			isa = XCBuildConfiguration;
			buildSettings = {
				ALWAYS_SEARCH_USER_PATHS = NO;
				CLANG_ANALYZER_NONNULL = YES;
				CLANG_ANALYZER_NUMBER_OBJECT_CONVERSION = YES_AGGRESSIVE;
				CLANG_CXX_LANGUAGE_STANDARD = "gnu++20";
				CLANG_ENABLE_MODULES = YES;
				CLANG_ENABLE_OBJC_ARC = YES;
				CLANG_ENABLE_OBJC_WEAK = YES;
				CLANG_WARN_BLOCK_CAPTURE_AUTORELEASING = YES;
				CLANG_WARN_BOOL_CONVERSION = YES;
				CLANG_WARN_COMMA = YES;
				CLANG_WARN_CONSTANT_CONVERSION = YES;
				CLANG_WARN_DEPRECATED_OBJC_IMPLEMENTATIONS = YES;
				CLANG_WARN_DIRECT_OBJC_ISA_USAGE = YES_ERROR;
				CLANG_WARN_DOCUMENTATION_COMMENTS = YES;
				CLANG_WARN_EMPTY_BODY = YES;
				CLANG_WARN_ENUM_CONVERSION = YES;
				CLANG_WARN_INFINITE_RECURSION = YES;
				CLANG_WARN_INT_CONVERSION = YES;
				CLANG_WARN_NON_LITERAL_NULL_CONVERSION = YES;
				CLANG_WARN_OBJC_IMPLICIT_RETAIN_SELF = YES;
				CLANG_WARN_OBJC_LITERAL_CONVERSION = YES;
				CLANG_WARN_OBJC_ROOT_CLASS = YES_ERROR;
				CLANG_WARN_QUOTED_INCLUDE_IN_FRAMEWORK_HEADER = YES;
				CLANG_WARN_RANGE_LOOP_ANALYSIS = YES;
				CLANG_WARN_STRICT_PROTOTYPES = YES;
				CLANG_WARN_SUSPICIOUS_MOVE = YES;
				CLANG_WARN_UNGUARDED_AVAILABILITY = YES_AGGRESSIVE;
				CLANG_WARN_UNREACHABLE_CODE = YES;
				CLANG_WARN__DUPLICATE_METHOD_MATCH = YES;
				COPY_PHASE_STRIP = NO;
				DEBUG_INFORMATION_FORMAT = dwarf;
				ENABLE_STRICT_OBJC_MSGSEND = YES;
				ENABLE_TESTABILITY = YES;
				GCC_C_LANGUAGE_STANDARD = gnu11;
				GCC_DYNAMIC_NO_PIC = NO;
				GCC_NO_COMMON_BLOCKS = YES;
				GCC_OPTIMIZATION_LEVEL = 0;
				GCC_PREPROCESSOR_DEFINITIONS = (
					"DEBUG=1",
					"$(inherited)",
				);
				GCC_WARN_64_TO_32_BIT_CONVERSION = YES;
				GCC_WARN_ABOUT_RETURN_TYPE = YES_ERROR;
				GCC_WARN_UNDECLARED_SELECTOR = YES;
				GCC_WARN_UNINITIALIZED_AUTOS = YES_AGGRESSIVE;
				GCC_WARN_UNUSED_FUNCTION = YES;
				GCC_WARN_UNUSED_VARIABLE = YES;
				IPHONEOS_DEPLOYMENT_TARGET = 16.2;
				MTL_ENABLE_DEBUG_INFO = INCLUDE_SOURCE;
				MTL_FAST_MATH = YES;
				ONLY_ACTIVE_ARCH = YES;
				SDKROOT = iphoneos;
				SWIFT_ACTIVE_COMPILATION_CONDITIONS = DEBUG;
				SWIFT_OPTIMIZATION_LEVEL = "-Onone";
			};
			name = Debug;
		};
		B913871E29B4B10D00CD52CD /* Release */ = {
			isa = XCBuildConfiguration;
			buildSettings = {
				ALWAYS_SEARCH_USER_PATHS = NO;
				CLANG_ANALYZER_NONNULL = YES;
				CLANG_ANALYZER_NUMBER_OBJECT_CONVERSION = YES_AGGRESSIVE;
				CLANG_CXX_LANGUAGE_STANDARD = "gnu++20";
				CLANG_ENABLE_MODULES = YES;
				CLANG_ENABLE_OBJC_ARC = YES;
				CLANG_ENABLE_OBJC_WEAK = YES;
				CLANG_WARN_BLOCK_CAPTURE_AUTORELEASING = YES;
				CLANG_WARN_BOOL_CONVERSION = YES;
				CLANG_WARN_COMMA = YES;
				CLANG_WARN_CONSTANT_CONVERSION = YES;
				CLANG_WARN_DEPRECATED_OBJC_IMPLEMENTATIONS = YES;
				CLANG_WARN_DIRECT_OBJC_ISA_USAGE = YES_ERROR;
				CLANG_WARN_DOCUMENTATION_COMMENTS = YES;
				CLANG_WARN_EMPTY_BODY = YES;
				CLANG_WARN_ENUM_CONVERSION = YES;
				CLANG_WARN_INFINITE_RECURSION = YES;
				CLANG_WARN_INT_CONVERSION = YES;
				CLANG_WARN_NON_LITERAL_NULL_CONVERSION = YES;
				CLANG_WARN_OBJC_IMPLICIT_RETAIN_SELF = YES;
				CLANG_WARN_OBJC_LITERAL_CONVERSION = YES;
				CLANG_WARN_OBJC_ROOT_CLASS = YES_ERROR;
				CLANG_WARN_QUOTED_INCLUDE_IN_FRAMEWORK_HEADER = YES;
				CLANG_WARN_RANGE_LOOP_ANALYSIS = YES;
				CLANG_WARN_STRICT_PROTOTYPES = YES;
				CLANG_WARN_SUSPICIOUS_MOVE = YES;
				CLANG_WARN_UNGUARDED_AVAILABILITY = YES_AGGRESSIVE;
				CLANG_WARN_UNREACHABLE_CODE = YES;
				CLANG_WARN__DUPLICATE_METHOD_MATCH = YES;
				COPY_PHASE_STRIP = NO;
				DEBUG_INFORMATION_FORMAT = "dwarf-with-dsym";
				ENABLE_NS_ASSERTIONS = NO;
				ENABLE_STRICT_OBJC_MSGSEND = YES;
				GCC_C_LANGUAGE_STANDARD = gnu11;
				GCC_NO_COMMON_BLOCKS = YES;
				GCC_WARN_64_TO_32_BIT_CONVERSION = YES;
				GCC_WARN_ABOUT_RETURN_TYPE = YES_ERROR;
				GCC_WARN_UNDECLARED_SELECTOR = YES;
				GCC_WARN_UNINITIALIZED_AUTOS = YES_AGGRESSIVE;
				GCC_WARN_UNUSED_FUNCTION = YES;
				GCC_WARN_UNUSED_VARIABLE = YES;
				IPHONEOS_DEPLOYMENT_TARGET = 16.2;
				MTL_ENABLE_DEBUG_INFO = NO;
				MTL_FAST_MATH = YES;
				SDKROOT = iphoneos;
				SWIFT_COMPILATION_MODE = wholemodule;
				SWIFT_OPTIMIZATION_LEVEL = "-O";
				VALIDATE_PRODUCT = YES;
			};
			name = Release;
		};
		B913872029B4B10D00CD52CD /* Debug */ = {
			isa = XCBuildConfiguration;
			buildSettings = {
				ASSETCATALOG_COMPILER_APPICON_NAME = AppIcon;
				ASSETCATALOG_COMPILER_GLOBAL_ACCENT_COLOR_NAME = AccentColor;
				CODE_SIGN_STYLE = Automatic;
				CURRENT_PROJECT_VERSION = 1;
				DEVELOPMENT_ASSET_PATHS = "\"MovieBooksAppSwiftUI/Preview Content\"";
				DEVELOPMENT_TEAM = QJS4FJ5R3Z;
				ENABLE_PREVIEWS = YES;
				GENERATE_INFOPLIST_FILE = YES;
				INFOPLIST_KEY_UIApplicationSceneManifest_Generation = YES;
				INFOPLIST_KEY_UIApplicationSupportsIndirectInputEvents = YES;
				INFOPLIST_KEY_UILaunchScreen_Generation = YES;
				INFOPLIST_KEY_UISupportedInterfaceOrientations_iPad = "UIInterfaceOrientationPortrait UIInterfaceOrientationPortraitUpsideDown UIInterfaceOrientationLandscapeLeft UIInterfaceOrientationLandscapeRight";
				INFOPLIST_KEY_UISupportedInterfaceOrientations_iPhone = "UIInterfaceOrientationPortrait UIInterfaceOrientationLandscapeLeft UIInterfaceOrientationLandscapeRight";
				LD_RUNPATH_SEARCH_PATHS = (
					"$(inherited)",
					"@executable_path/Frameworks",
				);
				MARKETING_VERSION = 1.0;
				PRODUCT_BUNDLE_IDENTIFIER = com.Onur.MovieBooksAppSwiftUI;
				PRODUCT_NAME = "$(TARGET_NAME)";
				SWIFT_EMIT_LOC_STRINGS = YES;
				SWIFT_VERSION = 5.0;
				TARGETED_DEVICE_FAMILY = "1,2";
			};
			name = Debug;
		};
		B913872129B4B10D00CD52CD /* Release */ = {
			isa = XCBuildConfiguration;
			buildSettings = {
				ASSETCATALOG_COMPILER_APPICON_NAME = AppIcon;
				ASSETCATALOG_COMPILER_GLOBAL_ACCENT_COLOR_NAME = AccentColor;
				CODE_SIGN_STYLE = Automatic;
				CURRENT_PROJECT_VERSION = 1;
				DEVELOPMENT_ASSET_PATHS = "\"MovieBooksAppSwiftUI/Preview Content\"";
				DEVELOPMENT_TEAM = QJS4FJ5R3Z;
				ENABLE_PREVIEWS = YES;
				GENERATE_INFOPLIST_FILE = YES;
				INFOPLIST_KEY_UIApplicationSceneManifest_Generation = YES;
				INFOPLIST_KEY_UIApplicationSupportsIndirectInputEvents = YES;
				INFOPLIST_KEY_UILaunchScreen_Generation = YES;
				INFOPLIST_KEY_UISupportedInterfaceOrientations_iPad = "UIInterfaceOrientationPortrait UIInterfaceOrientationPortraitUpsideDown UIInterfaceOrientationLandscapeLeft UIInterfaceOrientationLandscapeRight";
				INFOPLIST_KEY_UISupportedInterfaceOrientations_iPhone = "UIInterfaceOrientationPortrait UIInterfaceOrientationLandscapeLeft UIInterfaceOrientationLandscapeRight";
				LD_RUNPATH_SEARCH_PATHS = (
					"$(inherited)",
					"@executable_path/Frameworks",
				);
				MARKETING_VERSION = 1.0;
				PRODUCT_BUNDLE_IDENTIFIER = com.Onur.MovieBooksAppSwiftUI;
				PRODUCT_NAME = "$(TARGET_NAME)";
				SWIFT_EMIT_LOC_STRINGS = YES;
				SWIFT_VERSION = 5.0;
				TARGETED_DEVICE_FAMILY = "1,2";
			};
			name = Release;
		};
/* End XCBuildConfiguration section */

/* Begin XCConfigurationList section */
		B913870C29B4B10B00CD52CD /* Build configuration list for PBXProject "MovieBooksAppSwiftUI" */ = {
			isa = XCConfigurationList;
			buildConfigurations = (
				B913871D29B4B10D00CD52CD /* Debug */,
				B913871E29B4B10D00CD52CD /* Release */,
			);
			defaultConfigurationIsVisible = 0;
			defaultConfigurationName = Release;
		};
		B913871F29B4B10D00CD52CD /* Build configuration list for PBXNativeTarget "MovieBooksAppSwiftUI" */ = {
			isa = XCConfigurationList;
			buildConfigurations = (
				B913872029B4B10D00CD52CD /* Debug */,
				B913872129B4B10D00CD52CD /* Release */,
			);
			defaultConfigurationIsVisible = 0;
			defaultConfigurationName = Release;
		};
/* End XCConfigurationList section */
	};
	rootObject = B913870929B4B10B00CD52CD /* Project object */;
}
